PODS:
  - ArcGIS-Runtime-SDK-iOS (100.7)

DEPENDENCIES:
  - ArcGIS-Runtime-SDK-iOS (~> 100.7)

SPEC REPOS:
  trunk:
    - ArcGIS-Runtime-SDK-iOS

SPEC CHECKSUMS:
  ArcGIS-Runtime-SDK-iOS: 9a7e227d6779eaa16119b170b4e7861b02f5d83a

PODFILE CHECKSUM: c6dffaf558d94ecc71c50a7b472435931cb752ae

COCOAPODS: 1.8.4
